// !$*UTF8*$!
{
	archiveVersion = 1;
	classes = {
	};
	objectVersion = 56;
	objects = {

/* Begin PBXBuildFile section */
		7C0D07372ACC8B45002DDD95 /* AppleWatchStoreApp.swift in Sources */ = {isa = PBXBuildFile; fileRef = 7C0D07362ACC8B45002DDD95 /* AppleWatchStoreApp.swift */; };
		7C0D07392ACC8B45002DDD95 /* ContentView.swift in Sources */ = {isa = PBXBuildFile; fileRef = 7C0D07382ACC8B45002DDD95 /* ContentView.swift */; };
		7C0D073B2ACC8B47002DDD95 /* Assets.xcassets in Resources */ = {isa = PBXBuildFile; fileRef = 7C0D073A2ACC8B47002DDD95 /* Assets.xcassets */; };
		7C0D073E2ACC8B47002DDD95 /* Preview Assets.xcassets in Resources */ = {isa = PBXBuildFile; fileRef = 7C0D073D2ACC8B47002DDD95 /* Preview Assets.xcassets */; };
		7C146AE82AE95E4A001BCD04 /* FilterView.swift in Sources */ = {isa = PBXBuildFile; fileRef = 7C146AE72AE95E4A001BCD04 /* FilterView.swift */; };
		7C146AEA2AE95E74001BCD04 /* FilterSectionView.swift in Sources */ = {isa = PBXBuildFile; fileRef = 7C146AE92AE95E74001BCD04 /* FilterSectionView.swift */; };
		7C15B3402AD991FC005E8FAC /* Text+Extension.swift in Sources */ = {isa = PBXBuildFile; fileRef = 7C15B33F2AD991FC005E8FAC /* Text+Extension.swift */; };
		7C1ED4572AD98F28000221B7 /* GridProductItem.swift in Sources */ = {isa = PBXBuildFile; fileRef = 7C1ED4562AD98F28000221B7 /* GridProductItem.swift */; };
		7C71E13B2AF6D40100EA3F39 /* WideProductItem.swift in Sources */ = {isa = PBXBuildFile; fileRef = 7C71E13A2AF6D40100EA3F39 /* WideProductItem.swift */; };
		7C71E13F2AF6D87B00EA3F39 /* ProductDetailDescriptionView.swift in Sources */ = {isa = PBXBuildFile; fileRef = 7C71E13E2AF6D87B00EA3F39 /* ProductDetailDescriptionView.swift */; };
		7C7D8F862ACDA469009910A5 /* Theme.xcassets in Resources */ = {isa = PBXBuildFile; fileRef = 7C7D8F852ACDA469009910A5 /* Theme.xcassets */; };
		7C7D8F8B2ACDA590009910A5 /* ScaledFont.swift in Sources */ = {isa = PBXBuildFile; fileRef = 7C7D8F8A2ACDA590009910A5 /* ScaledFont.swift */; };
		7C7D8F8D2ACDAA3F009910A5 /* SectionHeader.swift in Sources */ = {isa = PBXBuildFile; fileRef = 7C7D8F8C2ACDAA3F009910A5 /* SectionHeader.swift */; };
		7C7D8F8F2ACDAAF2009910A5 /* Collection+Extension.swift in Sources */ = {isa = PBXBuildFile; fileRef = 7C7D8F8E2ACDAAF2009910A5 /* Collection+Extension.swift */; };
		7C7D8F912ACDB1F4009910A5 /* ShapeStyle+Extension.swift in Sources */ = {isa = PBXBuildFile; fileRef = 7C7D8F902ACDB1F4009910A5 /* ShapeStyle+Extension.swift */; };
		7C7D8F932ACDB66F009910A5 /* CardView.swift in Sources */ = {isa = PBXBuildFile; fileRef = 7C7D8F922ACDB66F009910A5 /* CardView.swift */; };
		7CC3785E2AD579F3004E611F /* CustomButtonStyle.swift in Sources */ = {isa = PBXBuildFile; fileRef = 7CC3785D2AD579F3004E611F /* CustomButtonStyle.swift */; };
		7CC378602AD57BD7004E611F /* ButtonStyle+Extension.swift in Sources */ = {isa = PBXBuildFile; fileRef = 7CC3785F2AD57BD7004E611F /* ButtonStyle+Extension.swift */; };
		7CC378622AD58024004E611F /* BrowseSection.swift in Sources */ = {isa = PBXBuildFile; fileRef = 7CC378612AD58024004E611F /* BrowseSection.swift */; };
		7CDC85112AE95BD9009F79A6 /* ProductsGridView.swift in Sources */ = {isa = PBXBuildFile; fileRef = 7CDC85102AE95BD9009F79A6 /* ProductsGridView.swift */; };
		7CEABC442AE2B7930055F213 /* Constants.swift in Sources */ = {isa = PBXBuildFile; fileRef = 7CEABC432AE2B7930055F213 /* Constants.swift */; };
		7CEABC462AE2B7FF0055F213 /* PopularSection.swift in Sources */ = {isa = PBXBuildFile; fileRef = 7CEABC452AE2B7FF0055F213 /* PopularSection.swift */; };
		7CEABC482AE2BCC30055F213 /* CategoryListItem.swift in Sources */ = {isa = PBXBuildFile; fileRef = 7CEABC472AE2BCC30055F213 /* CategoryListItem.swift */; };
		7CEABC4A2AE2BD830055F213 /* CategorySection.swift in Sources */ = {isa = PBXBuildFile; fileRef = 7CEABC492AE2BD830055F213 /* CategorySection.swift */; };
		7CEABC4C2AE2BF7B0055F213 /* HomeView.swift in Sources */ = {isa = PBXBuildFile; fileRef = 7CEABC4B2AE2BF7B0055F213 /* HomeView.swift */; };
		7CEABC512AE2C4200055F213 /* ProductsView.swift in Sources */ = {isa = PBXBuildFile; fileRef = 7CEABC502AE2C4200055F213 /* ProductsView.swift */; };
		7CEABC532AE2C42E0055F213 /* CartView.swift in Sources */ = {isa = PBXBuildFile; fileRef = 7CEABC522AE2C42E0055F213 /* CartView.swift */; };
		7CEABC562AE2C43D0055F213 /* FavoritesView.swift in Sources */ = {isa = PBXBuildFile; fileRef = 7CEABC552AE2C43D0055F213 /* FavoritesView.swift */; };
		7CEABC5B2AE2C4F00055F213 /* Theme.swift in Sources */ = {isa = PBXBuildFile; fileRef = 7CEABC5A2AE2C4F00055F213 /* Theme.swift */; };
/* End PBXBuildFile section */

/* Begin PBXFileReference section */
		7C0D07332ACC8B45002DDD95 /* AppleWatchStore.app */ = {isa = PBXFileReference; explicitFileType = wrapper.application; includeInIndex = 0; path = AppleWatchStore.app; sourceTree = BUILT_PRODUCTS_DIR; };
		7C0D07362ACC8B45002DDD95 /* AppleWatchStoreApp.swift */ = {isa = PBXFileReference; lastKnownFileType = sourcecode.swift; path = AppleWatchStoreApp.swift; sourceTree = "<group>"; };
		7C0D07382ACC8B45002DDD95 /* ContentView.swift */ = {isa = PBXFileReference; lastKnownFileType = sourcecode.swift; path = ContentView.swift; sourceTree = "<group>"; };
		7C0D073A2ACC8B47002DDD95 /* Assets.xcassets */ = {isa = PBXFileReference; lastKnownFileType = folder.assetcatalog; path = Assets.xcassets; sourceTree = "<group>"; };
		7C0D073D2ACC8B47002DDD95 /* Preview Assets.xcassets */ = {isa = PBXFileReference; lastKnownFileType = folder.assetcatalog; path = "Preview Assets.xcassets"; sourceTree = "<group>"; };
		7C146AE72AE95E4A001BCD04 /* FilterView.swift */ = {isa = PBXFileReference; lastKnownFileType = sourcecode.swift; path = FilterView.swift; sourceTree = "<group>"; };
		7C146AE92AE95E74001BCD04 /* FilterSectionView.swift */ = {isa = PBXFileReference; lastKnownFileType = sourcecode.swift; path = FilterSectionView.swift; sourceTree = "<group>"; };
		7C15B33F2AD991FC005E8FAC /* Text+Extension.swift */ = {isa = PBXFileReference; lastKnownFileType = sourcecode.swift; path = "Text+Extension.swift"; sourceTree = "<group>"; };
		7C1ED4562AD98F28000221B7 /* GridProductItem.swift */ = {isa = PBXFileReference; lastKnownFileType = sourcecode.swift; path = GridProductItem.swift; sourceTree = "<group>"; };
		7C71E13A2AF6D40100EA3F39 /* WideProductItem.swift */ = {isa = PBXFileReference; lastKnownFileType = sourcecode.swift; path = WideProductItem.swift; sourceTree = "<group>"; };
		7C71E13E2AF6D87B00EA3F39 /* ProductDetailDescriptionView.swift */ = {isa = PBXFileReference; lastKnownFileType = sourcecode.swift; path = ProductDetailDescriptionView.swift; sourceTree = "<group>"; };
		7C7D8F852ACDA469009910A5 /* Theme.xcassets */ = {isa = PBXFileReference; lastKnownFileType = folder.assetcatalog; path = Theme.xcassets; sourceTree = "<group>"; };
		7C7D8F8A2ACDA590009910A5 /* ScaledFont.swift */ = {isa = PBXFileReference; fileEncoding = 4; lastKnownFileType = sourcecode.swift; path = ScaledFont.swift; sourceTree = "<group>"; };
		7C7D8F8C2ACDAA3F009910A5 /* SectionHeader.swift */ = {isa = PBXFileReference; lastKnownFileType = sourcecode.swift; path = SectionHeader.swift; sourceTree = "<group>"; };
		7C7D8F8E2ACDAAF2009910A5 /* Collection+Extension.swift */ = {isa = PBXFileReference; lastKnownFileType = sourcecode.swift; path = "Collection+Extension.swift"; sourceTree = "<group>"; };
		7C7D8F902ACDB1F4009910A5 /* ShapeStyle+Extension.swift */ = {isa = PBXFileReference; lastKnownFileType = sourcecode.swift; path = "ShapeStyle+Extension.swift"; sourceTree = "<group>"; };
		7C7D8F922ACDB66F009910A5 /* CardView.swift */ = {isa = PBXFileReference; lastKnownFileType = sourcecode.swift; path = CardView.swift; sourceTree = "<group>"; };
		7CC3785D2AD579F3004E611F /* CustomButtonStyle.swift */ = {isa = PBXFileReference; lastKnownFileType = sourcecode.swift; path = CustomButtonStyle.swift; sourceTree = "<group>"; };
		7CC3785F2AD57BD7004E611F /* ButtonStyle+Extension.swift */ = {isa = PBXFileReference; lastKnownFileType = sourcecode.swift; path = "ButtonStyle+Extension.swift"; sourceTree = "<group>"; };
		7CC378612AD58024004E611F /* BrowseSection.swift */ = {isa = PBXFileReference; lastKnownFileType = sourcecode.swift; path = BrowseSection.swift; sourceTree = "<group>"; };
		7CDC85102AE95BD9009F79A6 /* ProductsGridView.swift */ = {isa = PBXFileReference; lastKnownFileType = sourcecode.swift; path = ProductsGridView.swift; sourceTree = "<group>"; };
		7CEABC432AE2B7930055F213 /* Constants.swift */ = {isa = PBXFileReference; lastKnownFileType = sourcecode.swift; path = Constants.swift; sourceTree = "<group>"; };
		7CEABC452AE2B7FF0055F213 /* PopularSection.swift */ = {isa = PBXFileReference; lastKnownFileType = sourcecode.swift; path = PopularSection.swift; sourceTree = "<group>"; };
		7CEABC472AE2BCC30055F213 /* CategoryListItem.swift */ = {isa = PBXFileReference; lastKnownFileType = sourcecode.swift; path = CategoryListItem.swift; sourceTree = "<group>"; };
		7CEABC492AE2BD830055F213 /* CategorySection.swift */ = {isa = PBXFileReference; lastKnownFileType = sourcecode.swift; path = CategorySection.swift; sourceTree = "<group>"; };
		7CEABC4B2AE2BF7B0055F213 /* HomeView.swift */ = {isa = PBXFileReference; lastKnownFileType = sourcecode.swift; path = HomeView.swift; sourceTree = "<group>"; };
		7CEABC502AE2C4200055F213 /* ProductsView.swift */ = {isa = PBXFileReference; lastKnownFileType = sourcecode.swift; path = ProductsView.swift; sourceTree = "<group>"; };
		7CEABC522AE2C42E0055F213 /* CartView.swift */ = {isa = PBXFileReference; lastKnownFileType = sourcecode.swift; path = CartView.swift; sourceTree = "<group>"; };
		7CEABC552AE2C43D0055F213 /* FavoritesView.swift */ = {isa = PBXFileReference; lastKnownFileType = sourcecode.swift; path = FavoritesView.swift; sourceTree = "<group>"; };
		7CEABC5A2AE2C4F00055F213 /* Theme.swift */ = {isa = PBXFileReference; fileEncoding = 4; lastKnownFileType = sourcecode.swift; path = Theme.swift; sourceTree = "<group>"; };
/* End PBXFileReference section */

/* Begin PBXFrameworksBuildPhase section */
		7C0D07302ACC8B45002DDD95 /* Frameworks */ = {
			isa = PBXFrameworksBuildPhase;
			buildActionMask = 2147483647;
			files = (
			);
			runOnlyForDeploymentPostprocessing = 0;
		};
/* End PBXFrameworksBuildPhase section */

/* Begin PBXGroup section */
		7C0D072A2ACC8B45002DDD95 = {
			isa = PBXGroup;
			children = (
				7C0D07352ACC8B45002DDD95 /* AppleWatchStore */,
				7C0D07342ACC8B45002DDD95 /* Products */,
			);
			sourceTree = "<group>";
		};
		7C0D07342ACC8B45002DDD95 /* Products */ = {
			isa = PBXGroup;
			children = (
				7C0D07332ACC8B45002DDD95 /* AppleWatchStore.app */,
			);
			name = Products;
			sourceTree = "<group>";
		};
		7C0D07352ACC8B45002DDD95 /* AppleWatchStore */ = {
			isa = PBXGroup;
			children = (
				7C7D8F872ACDA477009910A5 /* Views */,
				7C7D8F842ACDA457009910A5 /* App */,
				7C7D8F892ACDA490009910A5 /* Utilities */,
				7C0D073C2ACC8B47002DDD95 /* Preview Content */,
			);
			path = AppleWatchStore;
			sourceTree = "<group>";
		};
		7C0D073C2ACC8B47002DDD95 /* Preview Content */ = {
			isa = PBXGroup;
			children = (
				7C0D073D2ACC8B47002DDD95 /* Preview Assets.xcassets */,
			);
			path = "Preview Content";
			sourceTree = "<group>";
		};
		7C71E13C2AF6D85700EA3F39 /* Product Detail */ = {
			isa = PBXGroup;
			children = (
				7C71E13D2AF6D86100EA3F39 /* Supporting Views */,
				7C71E13E2AF6D87B00EA3F39 /* ProductDetailDescriptionView.swift */,
			);
			path = "Product Detail";
			sourceTree = "<group>";
		};
		7C71E13D2AF6D86100EA3F39 /* Supporting Views */ = {
			isa = PBXGroup;
			children = (
			);
			path = "Supporting Views";
			sourceTree = "<group>";
		};
		7C7D8F832ACDA450009910A5 /* Home */ = {
			isa = PBXGroup;
			children = (
				7C7D8F882ACDA488009910A5 /* Supporting Views */,
				7CEABC4B2AE2BF7B0055F213 /* HomeView.swift */,
			);
			path = Home;
			sourceTree = "<group>";
		};
		7C7D8F842ACDA457009910A5 /* App */ = {
			isa = PBXGroup;
			children = (
				7C0D07362ACC8B45002DDD95 /* AppleWatchStoreApp.swift */,
				7C0D07382ACC8B45002DDD95 /* ContentView.swift */,
				7C0D073A2ACC8B47002DDD95 /* Assets.xcassets */,
				7C7D8F852ACDA469009910A5 /* Theme.xcassets */,
			);
			path = App;
			sourceTree = "<group>";
		};
		7C7D8F872ACDA477009910A5 /* Views */ = {
			isa = PBXGroup;
			children = (
				7C71E13C2AF6D85700EA3F39 /* Product Detail */,
				7CEABC4F2AE2C40C0055F213 /* Favorites */,
				7CEABC4E2AE2C4020055F213 /* Cart */,
				7CEABC4D2AE2C3F80055F213 /* Products */,
				7C7D8F832ACDA450009910A5 /* Home */,
			);
			path = Views;
			sourceTree = "<group>";
		};
		7C7D8F882ACDA488009910A5 /* Supporting Views */ = {
			isa = PBXGroup;
			children = (
				7C7D8F922ACDB66F009910A5 /* CardView.swift */,
				7CEABC472AE2BCC30055F213 /* CategoryListItem.swift */,
				7C1ED4562AD98F28000221B7 /* GridProductItem.swift */,
				7CC378612AD58024004E611F /* BrowseSection.swift */,
				7CEABC452AE2B7FF0055F213 /* PopularSection.swift */,
				7CEABC492AE2BD830055F213 /* CategorySection.swift */,
			);
			path = "Supporting Views";
			sourceTree = "<group>";
		};
		7C7D8F892ACDA490009910A5 /* Utilities */ = {
			isa = PBXGroup;
			children = (
				7CEABC5A2AE2C4F00055F213 /* Theme.swift */,
				7C7D8F8A2ACDA590009910A5 /* ScaledFont.swift */,
				7C7D8F8C2ACDAA3F009910A5 /* SectionHeader.swift */,
				7C7D8F8E2ACDAAF2009910A5 /* Collection+Extension.swift */,
				7C7D8F902ACDB1F4009910A5 /* ShapeStyle+Extension.swift */,
				7CC3785D2AD579F3004E611F /* CustomButtonStyle.swift */,
				7CC3785F2AD57BD7004E611F /* ButtonStyle+Extension.swift */,
				7C15B33F2AD991FC005E8FAC /* Text+Extension.swift */,
				7CEABC432AE2B7930055F213 /* Constants.swift */,
			);
			path = Utilities;
			sourceTree = "<group>";
		};
		7CEABC4D2AE2C3F80055F213 /* Products */ = {
			isa = PBXGroup;
			children = (
				7CEABC572AE2C4460055F213 /* Supporting Views */,
				7CEABC502AE2C4200055F213 /* ProductsView.swift */,
			);
			path = Products;
			sourceTree = "<group>";
		};
		7CEABC4E2AE2C4020055F213 /* Cart */ = {
			isa = PBXGroup;
			children = (
				7CEABC582AE2C4500055F213 /* Supporting Views */,
				7CEABC522AE2C42E0055F213 /* CartView.swift */,
			);
			path = Cart;
			sourceTree = "<group>";
		};
		7CEABC4F2AE2C40C0055F213 /* Favorites */ = {
			isa = PBXGroup;
			children = (
				7CEABC592AE2C4580055F213 /* Supporting Views */,
				7CEABC552AE2C43D0055F213 /* FavoritesView.swift */,
			);
			path = Favorites;
			sourceTree = "<group>";
		};
		7CEABC572AE2C4460055F213 /* Supporting Views */ = {
			isa = PBXGroup;
			children = (
				7CDC85102AE95BD9009F79A6 /* ProductsGridView.swift */,
				7C146AE72AE95E4A001BCD04 /* FilterView.swift */,
				7C146AE92AE95E74001BCD04 /* FilterSectionView.swift */,
				7C71E13A2AF6D40100EA3F39 /* WideProductItem.swift */,
			);
			path = "Supporting Views";
			sourceTree = "<group>";
		};
		7CEABC582AE2C4500055F213 /* Supporting Views */ = {
			isa = PBXGroup;
			children = (
			);
			path = "Supporting Views";
			sourceTree = "<group>";
		};
		7CEABC592AE2C4580055F213 /* Supporting Views */ = {
			isa = PBXGroup;
			children = (
			);
			path = "Supporting Views";
			sourceTree = "<group>";
		};
/* End PBXGroup section */

/* Begin PBXNativeTarget section */
		7C0D07322ACC8B45002DDD95 /* AppleWatchStore */ = {
			isa = PBXNativeTarget;
			buildConfigurationList = 7C0D07412ACC8B47002DDD95 /* Build configuration list for PBXNativeTarget "AppleWatchStore" */;
			buildPhases = (
				7C0D072F2ACC8B45002DDD95 /* Sources */,
				7C0D07302ACC8B45002DDD95 /* Frameworks */,
				7C0D07312ACC8B45002DDD95 /* Resources */,
			);
			buildRules = (
			);
			dependencies = (
			);
			name = AppleWatchStore;
			productName = AppleWatchStore;
			productReference = 7C0D07332ACC8B45002DDD95 /* AppleWatchStore.app */;
			productType = "com.apple.product-type.application";
		};
/* End PBXNativeTarget section */

/* Begin PBXProject section */
		7C0D072B2ACC8B45002DDD95 /* Project object */ = {
			isa = PBXProject;
			attributes = {
				BuildIndependentTargetsInParallel = 1;
				LastSwiftUpdateCheck = 1500;
				LastUpgradeCheck = 1500;
				TargetAttributes = {
					7C0D07322ACC8B45002DDD95 = {
						CreatedOnToolsVersion = 15.0;
					};
				};
			};
			buildConfigurationList = 7C0D072E2ACC8B45002DDD95 /* Build configuration list for PBXProject "AppleWatchStore" */;
			compatibilityVersion = "Xcode 14.0";
			developmentRegion = en;
			hasScannedForEncodings = 0;
			knownRegions = (
				en,
				Base,
			);
			mainGroup = 7C0D072A2ACC8B45002DDD95;
			productRefGroup = 7C0D07342ACC8B45002DDD95 /* Products */;
			projectDirPath = "";
			projectRoot = "";
			targets = (
				7C0D07322ACC8B45002DDD95 /* AppleWatchStore */,
			);
		};
/* End PBXProject section */

/* Begin PBXResourcesBuildPhase section */
		7C0D07312ACC8B45002DDD95 /* Resources */ = {
			isa = PBXResourcesBuildPhase;
			buildActionMask = 2147483647;
			files = (
				7C7D8F862ACDA469009910A5 /* Theme.xcassets in Resources */,
				7C0D073E2ACC8B47002DDD95 /* Preview Assets.xcassets in Resources */,
				7C0D073B2ACC8B47002DDD95 /* Assets.xcassets in Resources */,
			);
			runOnlyForDeploymentPostprocessing = 0;
		};
/* End PBXResourcesBuildPhase section */

/* Begin PBXSourcesBuildPhase section */
		7C0D072F2ACC8B45002DDD95 /* Sources */ = {
			isa = PBXSourcesBuildPhase;
			buildActionMask = 2147483647;
			files = (
				7C146AEA2AE95E74001BCD04 /* FilterSectionView.swift in Sources */,
				7CEABC562AE2C43D0055F213 /* FavoritesView.swift in Sources */,
				7C15B3402AD991FC005E8FAC /* Text+Extension.swift in Sources */,
				7C7D8F932ACDB66F009910A5 /* CardView.swift in Sources */,
				7CC378622AD58024004E611F /* BrowseSection.swift in Sources */,
				7CEABC4A2AE2BD830055F213 /* CategorySection.swift in Sources */,
				7C7D8F8D2ACDAA3F009910A5 /* SectionHeader.swift in Sources */,
				7C146AE82AE95E4A001BCD04 /* FilterView.swift in Sources */,
				7CEABC5B2AE2C4F00055F213 /* Theme.swift in Sources */,
				7CEABC4C2AE2BF7B0055F213 /* HomeView.swift in Sources */,
				7C1ED4572AD98F28000221B7 /* GridProductItem.swift in Sources */,
				7CC3785E2AD579F3004E611F /* CustomButtonStyle.swift in Sources */,
				7CEABC512AE2C4200055F213 /* ProductsView.swift in Sources */,
				7CC378602AD57BD7004E611F /* ButtonStyle+Extension.swift in Sources */,
				7CEABC462AE2B7FF0055F213 /* PopularSection.swift in Sources */,
				7CEABC442AE2B7930055F213 /* Constants.swift in Sources */,
				7C71E13B2AF6D40100EA3F39 /* WideProductItem.swift in Sources */,
				7CDC85112AE95BD9009F79A6 /* ProductsGridView.swift in Sources */,
				7C7D8F912ACDB1F4009910A5 /* ShapeStyle+Extension.swift in Sources */,
				7C7D8F8B2ACDA590009910A5 /* ScaledFont.swift in Sources */,
				7C0D07392ACC8B45002DDD95 /* ContentView.swift in Sources */,
				7CEABC482AE2BCC30055F213 /* CategoryListItem.swift in Sources */,
				7C0D07372ACC8B45002DDD95 /* AppleWatchStoreApp.swift in Sources */,
				7CEABC532AE2C42E0055F213 /* CartView.swift in Sources */,
				7C71E13F2AF6D87B00EA3F39 /* ProductDetailDescriptionView.swift in Sources */,
				7C7D8F8F2ACDAAF2009910A5 /* Collection+Extension.swift in Sources */,
			);
			runOnlyForDeploymentPostprocessing = 0;
		};
/* End PBXSourcesBuildPhase section */

/* Begin XCBuildConfiguration section */
		7C0D073F2ACC8B47002DDD95 /* Debug */ = {
			isa = XCBuildConfiguration;
			buildSettings = {
				ALWAYS_SEARCH_USER_PATHS = NO;
				ASSETCATALOG_COMPILER_GENERATE_SWIFT_ASSET_SYMBOL_EXTENSIONS = YES;
				CLANG_ANALYZER_NONNULL = YES;
				CLANG_ANALYZER_NUMBER_OBJECT_CONVERSION = YES_AGGRESSIVE;
				CLANG_CXX_LANGUAGE_STANDARD = "gnu++20";
				CLANG_ENABLE_MODULES = YES;
				CLANG_ENABLE_OBJC_ARC = YES;
				CLANG_ENABLE_OBJC_WEAK = YES;
				CLANG_WARN_BLOCK_CAPTURE_AUTORELEASING = YES;
				CLANG_WARN_BOOL_CONVERSION = YES;
				CLANG_WARN_COMMA = YES;
				CLANG_WARN_CONSTANT_CONVERSION = YES;
				CLANG_WARN_DEPRECATED_OBJC_IMPLEMENTATIONS = YES;
				CLANG_WARN_DIRECT_OBJC_ISA_USAGE = YES_ERROR;
				CLANG_WARN_DOCUMENTATION_COMMENTS = YES;
				CLANG_WARN_EMPTY_BODY = YES;
				CLANG_WARN_ENUM_CONVERSION = YES;
				CLANG_WARN_INFINITE_RECURSION = YES;
				CLANG_WARN_INT_CONVERSION = YES;
				CLANG_WARN_NON_LITERAL_NULL_CONVERSION = YES;
				CLANG_WARN_OBJC_IMPLICIT_RETAIN_SELF = YES;
				CLANG_WARN_OBJC_LITERAL_CONVERSION = YES;
				CLANG_WARN_OBJC_ROOT_CLASS = YES_ERROR;
				CLANG_WARN_QUOTED_INCLUDE_IN_FRAMEWORK_HEADER = YES;
				CLANG_WARN_RANGE_LOOP_ANALYSIS = YES;
				CLANG_WARN_STRICT_PROTOTYPES = YES;
				CLANG_WARN_SUSPICIOUS_MOVE = YES;
				CLANG_WARN_UNGUARDED_AVAILABILITY = YES_AGGRESSIVE;
				CLANG_WARN_UNREACHABLE_CODE = YES;
				CLANG_WARN__DUPLICATE_METHOD_MATCH = YES;
				COPY_PHASE_STRIP = NO;
				DEBUG_INFORMATION_FORMAT = dwarf;
				ENABLE_STRICT_OBJC_MSGSEND = YES;
				ENABLE_TESTABILITY = YES;
				ENABLE_USER_SCRIPT_SANDBOXING = YES;
				GCC_C_LANGUAGE_STANDARD = gnu17;
				GCC_DYNAMIC_NO_PIC = NO;
				GCC_NO_COMMON_BLOCKS = YES;
				GCC_OPTIMIZATION_LEVEL = 0;
				GCC_PREPROCESSOR_DEFINITIONS = (
					"DEBUG=1",
					"$(inherited)",
				);
				GCC_WARN_64_TO_32_BIT_CONVERSION = YES;
				GCC_WARN_ABOUT_RETURN_TYPE = YES_ERROR;
				GCC_WARN_UNDECLARED_SELECTOR = YES;
				GCC_WARN_UNINITIALIZED_AUTOS = YES_AGGRESSIVE;
				GCC_WARN_UNUSED_FUNCTION = YES;
				GCC_WARN_UNUSED_VARIABLE = YES;
				IPHONEOS_DEPLOYMENT_TARGET = 17.0;
				LOCALIZATION_PREFERS_STRING_CATALOGS = YES;
				MTL_ENABLE_DEBUG_INFO = INCLUDE_SOURCE;
				MTL_FAST_MATH = YES;
				ONLY_ACTIVE_ARCH = YES;
				SDKROOT = iphoneos;
				SWIFT_ACTIVE_COMPILATION_CONDITIONS = "DEBUG $(inherited)";
				SWIFT_OPTIMIZATION_LEVEL = "-Onone";
			};
			name = Debug;
		};
		7C0D07402ACC8B47002DDD95 /* Release */ = {
			isa = XCBuildConfiguration;
			buildSettings = {
				ALWAYS_SEARCH_USER_PATHS = NO;
				ASSETCATALOG_COMPILER_GENERATE_SWIFT_ASSET_SYMBOL_EXTENSIONS = YES;
				CLANG_ANALYZER_NONNULL = YES;
				CLANG_ANALYZER_NUMBER_OBJECT_CONVERSION = YES_AGGRESSIVE;
				CLANG_CXX_LANGUAGE_STANDARD = "gnu++20";
				CLANG_ENABLE_MODULES = YES;
				CLANG_ENABLE_OBJC_ARC = YES;
				CLANG_ENABLE_OBJC_WEAK = YES;
				CLANG_WARN_BLOCK_CAPTURE_AUTORELEASING = YES;
				CLANG_WARN_BOOL_CONVERSION = YES;
				CLANG_WARN_COMMA = YES;
				CLANG_WARN_CONSTANT_CONVERSION = YES;
				CLANG_WARN_DEPRECATED_OBJC_IMPLEMENTATIONS = YES;
				CLANG_WARN_DIRECT_OBJC_ISA_USAGE = YES_ERROR;
				CLANG_WARN_DOCUMENTATION_COMMENTS = YES;
				CLANG_WARN_EMPTY_BODY = YES;
				CLANG_WARN_ENUM_CONVERSION = YES;
				CLANG_WARN_INFINITE_RECURSION = YES;
				CLANG_WARN_INT_CONVERSION = YES;
				CLANG_WARN_NON_LITERAL_NULL_CONVERSION = YES;
				CLANG_WARN_OBJC_IMPLICIT_RETAIN_SELF = YES;
				CLANG_WARN_OBJC_LITERAL_CONVERSION = YES;
				CLANG_WARN_OBJC_ROOT_CLASS = YES_ERROR;
				CLANG_WARN_QUOTED_INCLUDE_IN_FRAMEWORK_HEADER = YES;
				CLANG_WARN_RANGE_LOOP_ANALYSIS = YES;
				CLANG_WARN_STRICT_PROTOTYPES = YES;
				CLANG_WARN_SUSPICIOUS_MOVE = YES;
				CLANG_WARN_UNGUARDED_AVAILABILITY = YES_AGGRESSIVE;
				CLANG_WARN_UNREACHABLE_CODE = YES;
				CLANG_WARN__DUPLICATE_METHOD_MATCH = YES;
				COPY_PHASE_STRIP = NO;
				DEBUG_INFORMATION_FORMAT = "dwarf-with-dsym";
				ENABLE_NS_ASSERTIONS = NO;
				ENABLE_STRICT_OBJC_MSGSEND = YES;
				ENABLE_USER_SCRIPT_SANDBOXING = YES;
				GCC_C_LANGUAGE_STANDARD = gnu17;
				GCC_NO_COMMON_BLOCKS = YES;
				GCC_WARN_64_TO_32_BIT_CONVERSION = YES;
				GCC_WARN_ABOUT_RETURN_TYPE = YES_ERROR;
				GCC_WARN_UNDECLARED_SELECTOR = YES;
				GCC_WARN_UNINITIALIZED_AUTOS = YES_AGGRESSIVE;
				GCC_WARN_UNUSED_FUNCTION = YES;
				GCC_WARN_UNUSED_VARIABLE = YES;
				IPHONEOS_DEPLOYMENT_TARGET = 17.0;
				LOCALIZATION_PREFERS_STRING_CATALOGS = YES;
				MTL_ENABLE_DEBUG_INFO = NO;
				MTL_FAST_MATH = YES;
				SDKROOT = iphoneos;
				SWIFT_COMPILATION_MODE = wholemodule;
				VALIDATE_PRODUCT = YES;
			};
			name = Release;
		};
		7C0D07422ACC8B47002DDD95 /* Debug */ = {
			isa = XCBuildConfiguration;
			buildSettings = {
				ASSETCATALOG_COMPILER_APPICON_NAME = AppIcon;
				ASSETCATALOG_COMPILER_GLOBAL_ACCENT_COLOR_NAME = AccentColor;
				CODE_SIGN_STYLE = Automatic;
				CURRENT_PROJECT_VERSION = 1;
				DEVELOPMENT_ASSET_PATHS = "\"AppleWatchStore/Preview Content\"";
				DEVELOPMENT_TEAM = ATK7X87JFN;
				ENABLE_PREVIEWS = YES;
				GENERATE_INFOPLIST_FILE = YES;
				INFOPLIST_KEY_UIApplicationSceneManifest_Generation = YES;
				INFOPLIST_KEY_UIApplicationSupportsIndirectInputEvents = YES;
				INFOPLIST_KEY_UILaunchScreen_Generation = YES;
				INFOPLIST_KEY_UISupportedInterfaceOrientations_iPad = "UIInterfaceOrientationPortrait UIInterfaceOrientationPortraitUpsideDown UIInterfaceOrientationLandscapeLeft UIInterfaceOrientationLandscapeRight";
				INFOPLIST_KEY_UISupportedInterfaceOrientations_iPhone = "UIInterfaceOrientationPortrait UIInterfaceOrientationLandscapeLeft UIInterfaceOrientationLandscapeRight";
				LD_RUNPATH_SEARCH_PATHS = (
					"$(inherited)",
					"@executable_path/Frameworks",
				);
				MARKETING_VERSION = 1.0;
				PRODUCT_BUNDLE_IDENTIFIER = com.rpetrisel.AppleWatchStore;
				PRODUCT_NAME = "$(TARGET_NAME)";
				SWIFT_EMIT_LOC_STRINGS = YES;
				SWIFT_VERSION = 5.0;
				TARGETED_DEVICE_FAMILY = "1,2";
			};
			name = Debug;
		};
		7C0D07432ACC8B47002DDD95 /* Release */ = {
			isa = XCBuildConfiguration;
			buildSettings = {
				ASSETCATALOG_COMPILER_APPICON_NAME = AppIcon;
				ASSETCATALOG_COMPILER_GLOBAL_ACCENT_COLOR_NAME = AccentColor;
				CODE_SIGN_STYLE = Automatic;
				CURRENT_PROJECT_VERSION = 1;
				DEVELOPMENT_ASSET_PATHS = "\"AppleWatchStore/Preview Content\"";
				DEVELOPMENT_TEAM = ATK7X87JFN;
				ENABLE_PREVIEWS = YES;
				GENERATE_INFOPLIST_FILE = YES;
				INFOPLIST_KEY_UIApplicationSceneManifest_Generation = YES;
				INFOPLIST_KEY_UIApplicationSupportsIndirectInputEvents = YES;
				INFOPLIST_KEY_UILaunchScreen_Generation = YES;
				INFOPLIST_KEY_UISupportedInterfaceOrientations_iPad = "UIInterfaceOrientationPortrait UIInterfaceOrientationPortraitUpsideDown UIInterfaceOrientationLandscapeLeft UIInterfaceOrientationLandscapeRight";
				INFOPLIST_KEY_UISupportedInterfaceOrientations_iPhone = "UIInterfaceOrientationPortrait UIInterfaceOrientationLandscapeLeft UIInterfaceOrientationLandscapeRight";
				LD_RUNPATH_SEARCH_PATHS = (
					"$(inherited)",
					"@executable_path/Frameworks",
				);
				MARKETING_VERSION = 1.0;
				PRODUCT_BUNDLE_IDENTIFIER = com.rpetrisel.AppleWatchStore;
				PRODUCT_NAME = "$(TARGET_NAME)";
				SWIFT_EMIT_LOC_STRINGS = YES;
				SWIFT_VERSION = 5.0;
				TARGETED_DEVICE_FAMILY = "1,2";
			};
			name = Release;
		};
/* End XCBuildConfiguration section */

/* Begin XCConfigurationList section */
		7C0D072E2ACC8B45002DDD95 /* Build configuration list for PBXProject "AppleWatchStore" */ = {
			isa = XCConfigurationList;
			buildConfigurations = (
				7C0D073F2ACC8B47002DDD95 /* Debug */,
				7C0D07402ACC8B47002DDD95 /* Release */,
			);
			defaultConfigurationIsVisible = 0;
			defaultConfigurationName = Release;
		};
		7C0D07412ACC8B47002DDD95 /* Build configuration list for PBXNativeTarget "AppleWatchStore" */ = {
			isa = XCConfigurationList;
			buildConfigurations = (
				7C0D07422ACC8B47002DDD95 /* Debug */,
				7C0D07432ACC8B47002DDD95 /* Release */,
			);
			defaultConfigurationIsVisible = 0;
			defaultConfigurationName = Release;
		};
/* End XCConfigurationList section */
	};
	rootObject = 7C0D072B2ACC8B45002DDD95 /* Project object */;
}
